{
  "name": "Gallery_plugin",
  "lockfileVersion": 2,
  "requires": true,
  "packages": {
    "": {
      "dependencies": {
        "code-prettify": "^0.1.0"
      }
    },
    "node_modules/code-prettify": {
      "version": "0.1.0",
      "resolved": "https://registry.npmjs.org/code-prettify/-/code-prettify-0.1.0.tgz",
      "integrity": "sha512-tNOWwXoF3ycqtvLCGPLYds2hKekmZfsPWinbRcLk6BBHBaSf+v+HJOvfg33VfVzYzvQ6zmVq+WO88oKweiJSQg=="
    }
  },
  "dependencies": {
    "code-prettify": {
      "version": "0.1.0",
      "resolved": "https://registry.npmjs.org/code-prettify/-/code-prettify-0.1.0.tgz",
      "integrity": "sha512-tNOWwXoF3ycqtvLCGPLYds2hKekmZfsPWinbRcLk6BBHBaSf+v+HJOvfg33VfVzYzvQ6zmVq+WO88oKweiJSQg=="
    }
  }
}
